
Microsoft Visual Studio Solution File, Format Version 12.00
# Visual Studio 15
VisualStudioVersion = 15.0.26430.6
MinimumVisualStudioVersion = 10.0.40219.1
Project("{2150E333-8FDC-42A3-9474-1A3956D46DE8}") = "SolutionFiles", "SolutionFiles", "{B9D5B98A-8BA0-4332-9F94-626A51636AB0}"
	ProjectSection(SolutionItems) = preProject
		changelog.md = changelog.md
		..\readme.md = ..\readme.md
		update.xml = update.xml
	EndProjectSection
EndProject
Project("{2150E333-8FDC-42A3-9474-1A3956D46DE8}") = "Doc", "Doc", "{6055D402-CC45-4BC8-ADA2-41418A649C7A}"
	ProjectSection(SolutionItems) = preProject
		..\Doc\license-avalondock.txt = ..\Doc\license-avalondock.txt
		..\Doc\license-iconarchive.txt = ..\Doc\license-iconarchive.txt
		..\Doc\license-seworkbench.txt = ..\Doc\license-seworkbench.txt
		..\Doc\license-sharpdevelop.txt = ..\Doc\license-sharpdevelop.txt
	EndProjectSection
EndProject
Project("{FAE04EC0-301F-11D3-BF4B-00C04F79EFBC}") = "ICSharpCode.AvalonEdit", "ICSharpCode.AvalonEdit\ICSharpCode.AvalonEdit.csproj", "{6C55B776-26D4-4DB3-A6AB-87E783B2F3D1}"
EndProject
Project("{FAE04EC0-301F-11D3-BF4B-00C04F79EFBC}") = "ICSharpCode.CodeCompletion", "ICSharpCode.CodeCompletion\ICSharpCode.CodeCompletion.csproj", "{82C28FBB-0408-466A-BE20-BD4A3CE76A75}"
EndProject
Project("{FAE04EC0-301F-11D3-BF4B-00C04F79EFBC}") = "Gilgame.SEWorkbench", "Gilgame.SEWorkbench\Gilgame.SEWorkbench.csproj", "{7AB6A095-38FC-40AB-9722-357E20DC00F5}"
EndProject
Project("{FAE04EC0-301F-11D3-BF4B-00C04F79EFBC}") = "Gilgame.SEWorkbench.Interop", "Gilgame.SEWorkbench.Interop\Gilgame.SEWorkbench.Interop.csproj", "{5A14548F-DCAF-4F03-A703-36C68FDC9EC5}"
EndProject
Project("{FAE04EC0-301F-11D3-BF4B-00C04F79EFBC}") = "ICSharpCode.Decompiler", "ICSharpCode.Decompiler\ICSharpCode.Decompiler.csproj", "{984CC812-9470-4A13-AFF9-CC44068D666C}"
EndProject
Global
	GlobalSection(SolutionConfigurationPlatforms) = preSolution
		Debug|x64 = Debug|x64
		Release|x64 = Release|x64
	EndGlobalSection
	GlobalSection(ProjectConfigurationPlatforms) = postSolution
		{6C55B776-26D4-4DB3-A6AB-87E783B2F3D1}.Debug|x64.ActiveCfg = Debug|x64
		{6C55B776-26D4-4DB3-A6AB-87E783B2F3D1}.Debug|x64.Build.0 = Debug|x64
		{6C55B776-26D4-4DB3-A6AB-87E783B2F3D1}.Release|x64.ActiveCfg = Release|x64
		{6C55B776-26D4-4DB3-A6AB-87E783B2F3D1}.Release|x64.Build.0 = Release|x64
		{82C28FBB-0408-466A-BE20-BD4A3CE76A75}.Debug|x64.ActiveCfg = Debug|x64
		{82C28FBB-0408-466A-BE20-BD4A3CE76A75}.Debug|x64.Build.0 = Debug|x64
		{82C28FBB-0408-466A-BE20-BD4A3CE76A75}.Release|x64.ActiveCfg = Release|x64
		{82C28FBB-0408-466A-BE20-BD4A3CE76A75}.Release|x64.Build.0 = Release|x64
		{7AB6A095-38FC-40AB-9722-357E20DC00F5}.Debug|x64.ActiveCfg = Debug|x64
		{7AB6A095-38FC-40AB-9722-357E20DC00F5}.Debug|x64.Build.0 = Debug|x64
		{7AB6A095-38FC-40AB-9722-357E20DC00F5}.Release|x64.ActiveCfg = Release|x64
		{7AB6A095-38FC-40AB-9722-357E20DC00F5}.Release|x64.Build.0 = Release|x64
		{5A14548F-DCAF-4F03-A703-36C68FDC9EC5}.Debug|x64.ActiveCfg = Debug|x64
		{5A14548F-DCAF-4F03-A703-36C68FDC9EC5}.Debug|x64.Build.0 = Debug|x64
		{5A14548F-DCAF-4F03-A703-36C68FDC9EC5}.Release|x64.ActiveCfg = Release|x64
		{5A14548F-DCAF-4F03-A703-36C68FDC9EC5}.Release|x64.Build.0 = Release|x64
		{984CC812-9470-4A13-AFF9-CC44068D666C}.Debug|x64.ActiveCfg = Debug|x64
		{984CC812-9470-4A13-AFF9-CC44068D666C}.Debug|x64.Build.0 = Debug|x64
		{984CC812-9470-4A13-AFF9-CC44068D666C}.Release|x64.ActiveCfg = Release|x64
		{984CC812-9470-4A13-AFF9-CC44068D666C}.Release|x64.Build.0 = Release|x64
	EndGlobalSection
	GlobalSection(SolutionProperties) = preSolution
		HideSolutionNode = FALSE
	EndGlobalSection
EndGlobal
